{
  "pins" : [
    {
      "identity" : "alamofire",
      "kind" : "remoteSourceControl",
      "location" : "https://github.com/Alamofire/Alamofire",
      "state" : {
        "revision" : "8dd85aee02e39dd280c75eef88ffdb86eed4b07b",
        "version" : "5.6.2"
      }
    },
    {
      "identity" : "lottie-ios",
      "kind" : "remoteSourceControl",
      "location" : "https://github.com/airbnb/lottie-ios",
      "state" : {
        "revision" : "fe4c6fe3a0aa66cdeb51d549623c82ca9704b9a5",
        "version" : "4.5.0"
      }
    },
    {
      "identity" : "tensorflowlitec",
      "kind" : "remoteSourceControl",
      "location" : "https://github.com/kewlbear/TensorFlowLiteC.git",
      "state" : {
        "branch" : "master",
        "revision" : "535e9f113b68e866a7e229e17f717d57cdc81be6"
      }
    },
    {
      "identity" : "tensorflowliteswift",
      "kind" : "remoteSourceControl",
      "location" : "https://github.com/kewlbear/TensorFlowLiteSwift.git",
      "state" : {
        "branch" : "master",
        "revision" : "73c997b5ee87ffba411048b51e886582358b33a3"
      }
    }
  ],
  "version" : 2
}
